
Microsoft Visual Studio Solution File, Format Version 12.00
# Visual Studio 15
VisualStudioVersion = 15.0.28010.2003
MinimumVisualStudioVersion = 10.0.40219.1
Project("{FAE04EC0-301F-11D3-BF4B-00C04F79EFBC}") = "ConversorDeMoedas.app.presentation", "ConversorDeMoedas.app.presentation\ConversorDeMoedas.app.presentation.csproj", "{5C9F90F7-3FDA-46DE-B37D-71A28C3402B4}"
EndProject
Project("{2150E333-8FDC-42A3-9474-1A3956D46DE8}") = "App", "App", "{6A1A3F0D-9B10-4773-8F6D-9B3482CAB559}"
EndProject
Project("{2150E333-8FDC-42A3-9474-1A3956D46DE8}") = "Api", "Api", "{7415138A-4150-40C0-80B2-C859688A63A2}"
EndProject
Project("{2150E333-8FDC-42A3-9474-1A3956D46DE8}") = "Presentation", "Presentation", "{3023D59B-5816-4C96-9A00-863A7B693E09}"
EndProject
Project("{FAE04EC0-301F-11D3-BF4B-00C04F79EFBC}") = "ConversorDeMoedas.api.presentation", "ConversorDeMoedas.api.presentation\ConversorDeMoedas.api.presentation.csproj", "{47065CD7-3D6C-4DC3-95D7-F7818CB069F6}"
EndProject
Project("{2150E333-8FDC-42A3-9474-1A3956D46DE8}") = "Presentation", "Presentation", "{ED375AD4-83A1-49F5-91EF-2E63929D303A}"
EndProject
Project("{2150E333-8FDC-42A3-9474-1A3956D46DE8}") = "Services", "Services", "{84F918F6-6B34-4769-AC61-A5CFDC066AFE}"
EndProject
Project("{2150E333-8FDC-42A3-9474-1A3956D46DE8}") = "Infra", "Infra", "{FB916A0D-29E8-462E-808A-0738144272B5}"
EndProject
Project("{2150E333-8FDC-42A3-9474-1A3956D46DE8}") = "Domain", "Domain", "{565CF782-6427-4C1D-B541-3B244FB6B696}"
EndProject
Project("{FAE04EC0-301F-11D3-BF4B-00C04F79EFBC}") = "ConversorDeMoedas.api.domain", "ConversorDeMoedas.api.domain\ConversorDeMoedas.api.domain.csproj", "{86CB84BA-52E0-41DC-85CF-EE8A59C6435F}"
EndProject
Project("{2150E333-8FDC-42A3-9474-1A3956D46DE8}") = "Tests", "Tests", "{1B4478FE-1F51-478C-9888-F42F0E59F3E9}"
EndProject
Project("{2150E333-8FDC-42A3-9474-1A3956D46DE8}") = "App", "App", "{78987E02-C2F9-46A0-BB64-588724C25876}"
EndProject
Project("{2150E333-8FDC-42A3-9474-1A3956D46DE8}") = "Api", "Api", "{EB014EC6-B0EA-4211-8B6B-8E87A2EA2E81}"
EndProject
Project("{FAE04EC0-301F-11D3-BF4B-00C04F79EFBC}") = "ConversorDeMoedas.api.infra.data", "ConversorDeMoedas.api.infra.data\ConversorDeMoedas.api.infra.data.csproj", "{F470C88E-FBAB-457B-B9CC-79403A6E4C33}"
EndProject
Project("{FAE04EC0-301F-11D3-BF4B-00C04F79EFBC}") = "ConversorDeMoedas.api.services", "ConversorDeMoedas.api.services\ConversorDeMoedas.api.services.csproj", "{E60D4EF6-16B6-475E-B434-1EFF5BEC4057}"
EndProject
Project("{FAE04EC0-301F-11D3-BF4B-00C04F79EFBC}") = "ConversorDeMoedas.api.tests", "ConversorDeMoedas.api.tests\ConversorDeMoedas.api.tests.csproj", "{AC09350C-9076-448A-BE39-FC3E0444CBEE}"
EndProject
Project("{FAE04EC0-301F-11D3-BF4B-00C04F79EFBC}") = "ConversorDeMoedas.app.tests", "ConversorDeMoedas.app.tests\ConversorDeMoedas.app.tests.csproj", "{33B03661-CD03-45E0-9118-324101C97862}"
EndProject
Project("{2150E333-8FDC-42A3-9474-1A3956D46DE8}") = "IOC", "IOC", "{A1C20A6C-ED90-4264-BBA5-1E6035DA5C9B}"
EndProject
Project("{FAE04EC0-301F-11D3-BF4B-00C04F79EFBC}") = "ConversorDeMoedas.api.infra.ioc", "ConversorDeMoedas.api.infra.ioc\ConversorDeMoedas.api.infra.ioc.csproj", "{343BF0F7-D043-48F5-80B9-246A1B2563C3}"
EndProject
Global
	GlobalSection(SolutionConfigurationPlatforms) = preSolution
		Debug|Any CPU = Debug|Any CPU
		Release|Any CPU = Release|Any CPU
	EndGlobalSection
	GlobalSection(ProjectConfigurationPlatforms) = postSolution
		{5C9F90F7-3FDA-46DE-B37D-71A28C3402B4}.Debug|Any CPU.ActiveCfg = Debug|Any CPU
		{5C9F90F7-3FDA-46DE-B37D-71A28C3402B4}.Debug|Any CPU.Build.0 = Debug|Any CPU
		{5C9F90F7-3FDA-46DE-B37D-71A28C3402B4}.Release|Any CPU.ActiveCfg = Release|Any CPU
		{5C9F90F7-3FDA-46DE-B37D-71A28C3402B4}.Release|Any CPU.Build.0 = Release|Any CPU
		{47065CD7-3D6C-4DC3-95D7-F7818CB069F6}.Debug|Any CPU.ActiveCfg = Debug|Any CPU
		{47065CD7-3D6C-4DC3-95D7-F7818CB069F6}.Debug|Any CPU.Build.0 = Debug|Any CPU
		{47065CD7-3D6C-4DC3-95D7-F7818CB069F6}.Release|Any CPU.ActiveCfg = Release|Any CPU
		{47065CD7-3D6C-4DC3-95D7-F7818CB069F6}.Release|Any CPU.Build.0 = Release|Any CPU
		{86CB84BA-52E0-41DC-85CF-EE8A59C6435F}.Debug|Any CPU.ActiveCfg = Debug|Any CPU
		{86CB84BA-52E0-41DC-85CF-EE8A59C6435F}.Debug|Any CPU.Build.0 = Debug|Any CPU
		{86CB84BA-52E0-41DC-85CF-EE8A59C6435F}.Release|Any CPU.ActiveCfg = Release|Any CPU
		{86CB84BA-52E0-41DC-85CF-EE8A59C6435F}.Release|Any CPU.Build.0 = Release|Any CPU
		{F470C88E-FBAB-457B-B9CC-79403A6E4C33}.Debug|Any CPU.ActiveCfg = Debug|Any CPU
		{F470C88E-FBAB-457B-B9CC-79403A6E4C33}.Debug|Any CPU.Build.0 = Debug|Any CPU
		{F470C88E-FBAB-457B-B9CC-79403A6E4C33}.Release|Any CPU.ActiveCfg = Release|Any CPU
		{F470C88E-FBAB-457B-B9CC-79403A6E4C33}.Release|Any CPU.Build.0 = Release|Any CPU
		{E60D4EF6-16B6-475E-B434-1EFF5BEC4057}.Debug|Any CPU.ActiveCfg = Debug|Any CPU
		{E60D4EF6-16B6-475E-B434-1EFF5BEC4057}.Debug|Any CPU.Build.0 = Debug|Any CPU
		{E60D4EF6-16B6-475E-B434-1EFF5BEC4057}.Release|Any CPU.ActiveCfg = Release|Any CPU
		{E60D4EF6-16B6-475E-B434-1EFF5BEC4057}.Release|Any CPU.Build.0 = Release|Any CPU
		{AC09350C-9076-448A-BE39-FC3E0444CBEE}.Debug|Any CPU.ActiveCfg = Debug|Any CPU
		{AC09350C-9076-448A-BE39-FC3E0444CBEE}.Debug|Any CPU.Build.0 = Debug|Any CPU
		{AC09350C-9076-448A-BE39-FC3E0444CBEE}.Release|Any CPU.ActiveCfg = Release|Any CPU
		{AC09350C-9076-448A-BE39-FC3E0444CBEE}.Release|Any CPU.Build.0 = Release|Any CPU
		{33B03661-CD03-45E0-9118-324101C97862}.Debug|Any CPU.ActiveCfg = Debug|Any CPU
		{33B03661-CD03-45E0-9118-324101C97862}.Debug|Any CPU.Build.0 = Debug|Any CPU
		{33B03661-CD03-45E0-9118-324101C97862}.Release|Any CPU.ActiveCfg = Release|Any CPU
		{33B03661-CD03-45E0-9118-324101C97862}.Release|Any CPU.Build.0 = Release|Any CPU
		{343BF0F7-D043-48F5-80B9-246A1B2563C3}.Debug|Any CPU.ActiveCfg = Debug|Any CPU
		{343BF0F7-D043-48F5-80B9-246A1B2563C3}.Debug|Any CPU.Build.0 = Debug|Any CPU
		{343BF0F7-D043-48F5-80B9-246A1B2563C3}.Release|Any CPU.ActiveCfg = Release|Any CPU
		{343BF0F7-D043-48F5-80B9-246A1B2563C3}.Release|Any CPU.Build.0 = Release|Any CPU
	EndGlobalSection
	GlobalSection(SolutionProperties) = preSolution
		HideSolutionNode = FALSE
	EndGlobalSection
	GlobalSection(NestedProjects) = preSolution
		{5C9F90F7-3FDA-46DE-B37D-71A28C3402B4} = {3023D59B-5816-4C96-9A00-863A7B693E09}
		{3023D59B-5816-4C96-9A00-863A7B693E09} = {6A1A3F0D-9B10-4773-8F6D-9B3482CAB559}
		{47065CD7-3D6C-4DC3-95D7-F7818CB069F6} = {ED375AD4-83A1-49F5-91EF-2E63929D303A}
		{ED375AD4-83A1-49F5-91EF-2E63929D303A} = {7415138A-4150-40C0-80B2-C859688A63A2}
		{84F918F6-6B34-4769-AC61-A5CFDC066AFE} = {7415138A-4150-40C0-80B2-C859688A63A2}
		{FB916A0D-29E8-462E-808A-0738144272B5} = {7415138A-4150-40C0-80B2-C859688A63A2}
		{565CF782-6427-4C1D-B541-3B244FB6B696} = {7415138A-4150-40C0-80B2-C859688A63A2}
		{86CB84BA-52E0-41DC-85CF-EE8A59C6435F} = {565CF782-6427-4C1D-B541-3B244FB6B696}
		{78987E02-C2F9-46A0-BB64-588724C25876} = {1B4478FE-1F51-478C-9888-F42F0E59F3E9}
		{EB014EC6-B0EA-4211-8B6B-8E87A2EA2E81} = {1B4478FE-1F51-478C-9888-F42F0E59F3E9}
		{F470C88E-FBAB-457B-B9CC-79403A6E4C33} = {FB916A0D-29E8-462E-808A-0738144272B5}
		{E60D4EF6-16B6-475E-B434-1EFF5BEC4057} = {84F918F6-6B34-4769-AC61-A5CFDC066AFE}
		{AC09350C-9076-448A-BE39-FC3E0444CBEE} = {EB014EC6-B0EA-4211-8B6B-8E87A2EA2E81}
		{33B03661-CD03-45E0-9118-324101C97862} = {78987E02-C2F9-46A0-BB64-588724C25876}
		{A1C20A6C-ED90-4264-BBA5-1E6035DA5C9B} = {7415138A-4150-40C0-80B2-C859688A63A2}
		{343BF0F7-D043-48F5-80B9-246A1B2563C3} = {A1C20A6C-ED90-4264-BBA5-1E6035DA5C9B}
	EndGlobalSection
	GlobalSection(ExtensibilityGlobals) = postSolution
		SolutionGuid = {72676B51-A101-4017-87E2-4883CD427B44}
	EndGlobalSection
EndGlobal
